
Microsoft Visual Studio Solution File, Format Version 12.00
# Visual Studio Version 17
VisualStudioVersion = 17.0.31903.59
MinimumVisualStudioVersion = 10.0.40219.1
Project("{FAE04EC0-301F-11D3-BF4B-00C04F79EFBC}") = "Domain", "Domain\Domain.csproj", "{BF10F7E8-3909-42A3-94B4-4C66440CE8E7}"
EndProject
Project("{FAE04EC0-301F-11D3-BF4B-00C04F79EFBC}") = "Application", "Application\Application.csproj", "{759A19F9-C0F9-442C-873B-AE146CE322C5}"
EndProject
Project("{FAE04EC0-301F-11D3-BF4B-00C04F79EFBC}") = "Persistence", "Persistence\Persistence.csproj", "{1E7806DD-3F95-4254-B0F5-FA0450EA5BFF}"
EndProject
Project("{FAE04EC0-301F-11D3-BF4B-00C04F79EFBC}") = "API", "API\API.csproj", "{F5A5FBE6-B5B8-4853-999F-CD82FE8999C3}"
EndProject
Project("{FAE04EC0-301F-11D3-BF4B-00C04F79EFBC}") = "Infrastructure", "Infrastructure\Infrastructure.csproj", "{F25EF870-FA09-4992-98DB-A1CCF9B0A539}"
EndProject
Global
	GlobalSection(SolutionConfigurationPlatforms) = preSolution
		Debug|Any CPU = Debug|Any CPU
		Release|Any CPU = Release|Any CPU
	EndGlobalSection
	GlobalSection(SolutionProperties) = preSolution
		HideSolutionNode = FALSE
	EndGlobalSection
	GlobalSection(ProjectConfigurationPlatforms) = postSolution
		{BF10F7E8-3909-42A3-94B4-4C66440CE8E7}.Debug|Any CPU.ActiveCfg = Debug|Any CPU
		{BF10F7E8-3909-42A3-94B4-4C66440CE8E7}.Debug|Any CPU.Build.0 = Debug|Any CPU
		{BF10F7E8-3909-42A3-94B4-4C66440CE8E7}.Release|Any CPU.ActiveCfg = Release|Any CPU
		{BF10F7E8-3909-42A3-94B4-4C66440CE8E7}.Release|Any CPU.Build.0 = Release|Any CPU
		{759A19F9-C0F9-442C-873B-AE146CE322C5}.Debug|Any CPU.ActiveCfg = Debug|Any CPU
		{759A19F9-C0F9-442C-873B-AE146CE322C5}.Debug|Any CPU.Build.0 = Debug|Any CPU
		{759A19F9-C0F9-442C-873B-AE146CE322C5}.Release|Any CPU.ActiveCfg = Release|Any CPU
		{759A19F9-C0F9-442C-873B-AE146CE322C5}.Release|Any CPU.Build.0 = Release|Any CPU
		{1E7806DD-3F95-4254-B0F5-FA0450EA5BFF}.Debug|Any CPU.ActiveCfg = Debug|Any CPU
		{1E7806DD-3F95-4254-B0F5-FA0450EA5BFF}.Debug|Any CPU.Build.0 = Debug|Any CPU
		{1E7806DD-3F95-4254-B0F5-FA0450EA5BFF}.Release|Any CPU.ActiveCfg = Release|Any CPU
		{1E7806DD-3F95-4254-B0F5-FA0450EA5BFF}.Release|Any CPU.Build.0 = Release|Any CPU
		{F5A5FBE6-B5B8-4853-999F-CD82FE8999C3}.Debug|Any CPU.ActiveCfg = Debug|Any CPU
		{F5A5FBE6-B5B8-4853-999F-CD82FE8999C3}.Debug|Any CPU.Build.0 = Debug|Any CPU
		{F5A5FBE6-B5B8-4853-999F-CD82FE8999C3}.Release|Any CPU.ActiveCfg = Release|Any CPU
		{F5A5FBE6-B5B8-4853-999F-CD82FE8999C3}.Release|Any CPU.Build.0 = Release|Any CPU
		{F25EF870-FA09-4992-98DB-A1CCF9B0A539}.Debug|Any CPU.ActiveCfg = Debug|Any CPU
		{F25EF870-FA09-4992-98DB-A1CCF9B0A539}.Debug|Any CPU.Build.0 = Debug|Any CPU
		{F25EF870-FA09-4992-98DB-A1CCF9B0A539}.Release|Any CPU.ActiveCfg = Release|Any CPU
		{F25EF870-FA09-4992-98DB-A1CCF9B0A539}.Release|Any CPU.Build.0 = Release|Any CPU
	EndGlobalSection
EndGlobal
